{
  "originHash" : "96d4b1c791cc7a79adf13b67b35ca70d48bfb9e2cda45245fdce79b5a26a61ce",
  "pins" : [
    {
      "identity" : "irfoundation",
      "kind" : "remoteSourceControl",
      "location" : "https://github.com/ios-roadmap/IRFoundation.git",
      "state" : {
        "revision" : "e20c595128c35e52acdcc15acd913a9c518e386e",
        "version" : "0.0.1"
      }
    }
  ],
  "version" : 3
}
